
Microsoft Visual Studio Solution File, Format Version 12.00
# Visual Studio Version 17
VisualStudioVersion = 17.5.002.0
MinimumVisualStudioVersion = 10.0.40219.1
Project("{9A19103F-16F7-4668-BE54-9A1E7A4F7556}") = "TalkoWeb", "TalkoWeb.csproj", "{BB664547-3EAB-4BB1-8AEE-AC383A33BBB8}"
EndProject
Global
	GlobalSection(SolutionConfigurationPlatforms) = preSolution
		Debug|Any CPU = Debug|Any CPU
		Release|Any CPU = Release|Any CPU
	EndGlobalSection
	GlobalSection(ProjectConfigurationPlatforms) = postSolution
		{BB664547-3EAB-4BB1-8AEE-AC383A33BBB8}.Debug|Any CPU.ActiveCfg = Debug|Any CPU
		{BB664547-3EAB-4BB1-8AEE-AC383A33BBB8}.Debug|Any CPU.Build.0 = Debug|Any CPU
		{BB664547-3EAB-4BB1-8AEE-AC383A33BBB8}.Release|Any CPU.ActiveCfg = Release|Any CPU
		{BB664547-3EAB-4BB1-8AEE-AC383A33BBB8}.Release|Any CPU.Build.0 = Release|Any CPU
	EndGlobalSection
	GlobalSection(SolutionProperties) = preSolution
		HideSolutionNode = FALSE
	EndGlobalSection
	GlobalSection(ExtensibilityGlobals) = postSolution
		SolutionGuid = {394092BA-79B7-4E69-972E-A0B2F7E653BB}
	EndGlobalSection
EndGlobal
